<?xml version="1.0" encoding="utf-8"?>
<Project ToolsVersion="4.0" xmlns="http://schemas.microsoft.com/developer/msbuild/2003">
  <ItemGroup>
    <Filter Include="00. System">
      <UniqueIdentifier>{8446947e-f88b-4552-840a-1d58182116bb}</UniqueIdentifier>
    </Filter>
    <Filter Include="99. Defines">
      <UniqueIdentifier>{dbd6f092-842b-4464-994b-ad2b8ce42d23}</UniqueIdentifier>
    </Filter>
    <Filter Include="00. System\00. Device">
      <UniqueIdentifier>{c837b5f0-3f44-4260-8ada-1379e6c0c081}</UniqueIdentifier>
    </Filter>
    <Filter Include="00. System\00. Device\Graphic">
      <UniqueIdentifier>{95ba80c1-2223-4e64-b708-81ecd4291a1d}</UniqueIdentifier>
    </Filter>
    <Filter Include="00. System\00. Device\Input">
      <UniqueIdentifier>{4a877549-962f-47ec-96e0-9ab7bf9b7ac1}</UniqueIdentifier>
    </Filter>
    <Filter Include="00. System\01. Timers">
      <UniqueIdentifier>{7da37d70-ca60-4006-8657-e07679f1c767}</UniqueIdentifier>
    </Filter>
    <Filter Include="00. System\01. Timers\Manager">
      <UniqueIdentifier>{f813df6d-a33c-4edc-989c-9a87493e89e3}</UniqueIdentifier>
    </Filter>
    <Filter Include="01. Utility">
      <UniqueIdentifier>{ac360739-0b22-401c-9747-be860a38ffc5}</UniqueIdentifier>
    </Filter>
    <Filter Include="01. Utility\99. SuperClass">
      <UniqueIdentifier>{131926f5-1bb3-4dc2-a25e-5940d6df55ad}</UniqueIdentifier>
    </Filter>
    <Filter Include="01. Utility\00. GameInstance">
      <UniqueIdentifier>{07785d0c-3a79-47b4-9ade-a02b15fd44f8}</UniqueIdentifier>
    </Filter>
    <Filter Include="01. Utility\01. Levels">
      <UniqueIdentifier>{157c69e2-aabc-4f94-ba39-92ac48be0645}</UniqueIdentifier>
    </Filter>
    <Filter Include="01. Utility\01. Levels\Manager">
      <UniqueIdentifier>{b7ec8e23-a976-49d5-b5f4-ae9b69e4bf13}</UniqueIdentifier>
    </Filter>
    <Filter Include="01. Utility\02. GameObject">
      <UniqueIdentifier>{c99b5dbf-2dda-4c81-8622-c33eb482626e}</UniqueIdentifier>
    </Filter>
    <Filter Include="01. Utility\02. GameObject\Manager">
      <UniqueIdentifier>{05c4de89-63e9-4314-bea6-c8db23b4072f}</UniqueIdentifier>
    </Filter>
    <Filter Include="01. Utility\02. GameObject\Manager\Layer">
      <UniqueIdentifier>{38a9ff0f-623f-405a-9247-5deae411e7b9}</UniqueIdentifier>
    </Filter>
    <Filter Include="01. Utility\02. GameObject\Camera">
      <UniqueIdentifier>{caaf4f33-0dde-4ebb-9349-6d375ff90224}</UniqueIdentifier>
    </Filter>
    <Filter Include="01. Utility\03. Renderer">
      <UniqueIdentifier>{ec046198-895b-44e9-9f23-995471b02f91}</UniqueIdentifier>
    </Filter>
    <Filter Include="01. Utility\05. PIpeLine">
      <UniqueIdentifier>{4ea1f7e9-03f0-4f62-acc0-27d92f4f41d7}</UniqueIdentifier>
    </Filter>
    <Filter Include="01. Utility\06. Lights">
      <UniqueIdentifier>{85ba9b82-d8a8-4a79-a97e-cd842f2697e8}</UniqueIdentifier>
    </Filter>
    <Filter Include="01. Utility\06. Lights\Manager">
      <UniqueIdentifier>{ce171ec5-cc54-4e48-b8f7-07ee28487003}</UniqueIdentifier>
    </Filter>
    <Filter Include="01. Utility\97. Key_Manager">
      <UniqueIdentifier>{a063a3d0-f7f7-48b8-94fe-0aeabb208163}</UniqueIdentifier>
    </Filter>
    <Filter Include="01. Utility\98. ShaderFiles">
      <UniqueIdentifier>{4c2d0c2e-bb16-4718-8e0c-dfeaa74b2d61}</UniqueIdentifier>
    </Filter>
    <Filter Include="01. Utility\07. Fonts">
      <UniqueIdentifier>{5946fbf3-d921-4ac9-8941-8daa20bb9090}</UniqueIdentifier>
    </Filter>
    <Filter Include="01. Utility\07. Fonts\Manager">
      <UniqueIdentifier>{3d9993d6-28cc-403e-95b9-90557f1c5470}</UniqueIdentifier>
    </Filter>
    <Filter Include="01. Utility\08. RenderTargets">
      <UniqueIdentifier>{0994be3d-b464-4bb1-bb62-b92c08782bd2}</UniqueIdentifier>
    </Filter>
    <Filter Include="01. Utility\08. RenderTargets\Manager">
      <UniqueIdentifier>{c484e81b-d6e3-462c-bf40-2b30065a2e4a}</UniqueIdentifier>
    </Filter>
    <Filter Include="01. Utility\04. Component">
      <UniqueIdentifier>{8f776145-6717-4c0b-accb-aa1d38bb05e2}</UniqueIdentifier>
    </Filter>
    <Filter Include="01. Utility\04. Component\Shader">
      <UniqueIdentifier>{6eb3521f-1e1f-4f76-b9e8-6d44a36b9bbf}</UniqueIdentifier>
    </Filter>
    <Filter Include="01. Utility\04. Component\Manager">
      <UniqueIdentifier>{656bc3dc-c37d-4c44-99b6-e8669c44ce8c}</UniqueIdentifier>
    </Filter>
    <Filter Include="01. Utility\04. Component\Texture">
      <UniqueIdentifier>{116cd59a-6bdc-4b1b-ab7f-e39bdcfbfc7f}</UniqueIdentifier>
    </Filter>
    <Filter Include="01. Utility\04. Component\Transform">
      <UniqueIdentifier>{d46c24db-b9de-42e7-8efb-0d3a8665afc2}</UniqueIdentifier>
    </Filter>
    <Filter Include="01. Utility\04. Component\Collider">
      <UniqueIdentifier>{f5d10d0f-8018-4881-b4be-3aba74fc52c2}</UniqueIdentifier>
    </Filter>
    <Filter Include="01. Utility\04. Component\Collider\Bounding">
      <UniqueIdentifier>{decae769-1bec-4e2b-885f-500e11716d3b}</UniqueIdentifier>
    </Filter>
    <Filter Include="01. Utility\04. Component\Collider\Bounding\AABB">
      <UniqueIdentifier>{20e3d808-6287-4d47-ab52-60e0e2a81111}</UniqueIdentifier>
    </Filter>
    <Filter Include="01. Utility\04. Component\Collider\Bounding\Sphere">
      <UniqueIdentifier>{4ccbae0b-661f-4d42-9c75-a3d6c8889d70}</UniqueIdentifier>
    </Filter>
    <Filter Include="01. Utility\04. Component\Collider\Bounding\OBB">
      <UniqueIdentifier>{6fcd7576-731a-41b5-a217-5cf8d8db66ae}</UniqueIdentifier>
    </Filter>
    <Filter Include="01. Utility\04. Component\Collider\DebugDraw">
      <UniqueIdentifier>{be954572-5f19-4cbf-a04e-66f7892c442f}</UniqueIdentifier>
    </Filter>
    <Filter Include="01. Utility\04. Component\Collider\Manager">
      <UniqueIdentifier>{ad4d6894-4332-48da-b8de-4be1d2fda666}</UniqueIdentifier>
    </Filter>
    <Filter Include="01. Utility\04. Component\Collider\Manager\Collider_Layer">
      <UniqueIdentifier>{b630a70c-c812-4fe6-b498-7dbaa7678c83}</UniqueIdentifier>
    </Filter>
    <Filter Include="01. Utility\04. Component\Calculator">
      <UniqueIdentifier>{ea1cc37f-ccd3-41ba-a585-5f451b2815e5}</UniqueIdentifier>
    </Filter>
    <Filter Include="01. Utility\04. Component\Model">
      <UniqueIdentifier>{94b2f163-b17b-438d-aa08-ce3cd8bf4c85}</UniqueIdentifier>
    </Filter>
    <Filter Include="01. Utility\04. Component\Model\Mesh">
      <UniqueIdentifier>{5d192531-5dff-4d02-ae0f-339ebe9e1d71}</UniqueIdentifier>
    </Filter>
    <Filter Include="01. Utility\04. Component\Model\Bone">
      <UniqueIdentifier>{1063f0fd-88d3-4b34-8d42-5d5157acf46b}</UniqueIdentifier>
    </Filter>
    <Filter Include="01. Utility\04. Component\Model\Animation">
      <UniqueIdentifier>{2c5a2851-72d2-4ec6-8c2c-dbcad46d463b}</UniqueIdentifier>
    </Filter>
    <Filter Include="01. Utility\04. Component\Model\Animation\Channel">
      <UniqueIdentifier>{c0790c5b-4f25-4d5b-9a6f-28236369d38a}</UniqueIdentifier>
    </Filter>
    <Filter Include="01. Utility\04. Component\Navigation">
      <UniqueIdentifier>{94ce7e44-8e60-4bdd-848c-9af00e752fd7}</UniqueIdentifier>
    </Filter>
    <Filter Include="01. Utility\04. Component\Navigation\Cell">
      <UniqueIdentifier>{0e64d2db-cc9b-4924-a99b-0de6a7e57936}</UniqueIdentifier>
    </Filter>
    <Filter Include="01. Utility\04. Component\VIBuffer">
      <UniqueIdentifier>{d65b49ec-5991-4df2-8039-4310c92d031e}</UniqueIdentifier>
    </Filter>
    <Filter Include="01. Utility\04. Component\VIBuffer\Rect">
      <UniqueIdentifier>{973bba3f-2951-4c5e-877b-88196bf7a468}</UniqueIdentifier>
    </Filter>
    <Filter Include="01. Utility\04. Component\VIBuffer\Terrain">
      <UniqueIdentifier>{c2f04248-8ec7-4b52-a5ed-d5905d355de2}</UniqueIdentifier>
    </Filter>
    <Filter Include="01. Utility\04. Component\VIBuffer\Cell">
      <UniqueIdentifier>{7ae36b77-20d2-4eb3-b8a1-75d890538505}</UniqueIdentifier>
    </Filter>
    <Filter Include="01. Utility\04. Component\VIBuffer\Instancing">
      <UniqueIdentifier>{2b48bfeb-82d7-427c-8533-fa3add61fe04}</UniqueIdentifier>
    </Filter>
    <Filter Include="01. Utility\04. Component\VIBuffer\Instancing\Particle">
      <UniqueIdentifier>{676f23da-f516-462c-bd94-0b7a5dff68e4}</UniqueIdentifier>
    </Filter>
    <Filter Include="01. Utility\04. Component\VIBuffer\Instancing\Particle\Rect">
      <UniqueIdentifier>{8c73d0ad-3cd4-46a3-8c8f-bac0cc6edb5f}</UniqueIdentifier>
    </Filter>
    <Filter Include="01. Utility\04. Component\VIBuffer\Instancing\Particle\Point">
      <UniqueIdentifier>{6167b282-645e-4ced-ae5e-4baa86d8d5d3}</UniqueIdentifier>
    </Filter>
    <Filter Include="01. Utility\04. Component\VIBuffer\Point">
      <UniqueIdentifier>{39878be0-f189-43f8-bdad-3db2e52fdf2f}</UniqueIdentifier>
    </Filter>
  </ItemGroup>
  <ItemGroup>
    <ClInclude Include="..\Public\Engine_Defines.h">
      <Filter>99. Defines</Filter>
    </ClInclude>
    <ClInclude Include="..\Public\Engine_Function.h">
      <Filter>99. Defines</Filter>
    </ClInclude>
    <ClInclude Include="..\Public\Engine_Macro.h">
      <Filter>99. Defines</Filter>
    </ClInclude>
    <ClInclude Include="..\Public\Engine_Struct.h">
      <Filter>99. Defines</Filter>
    </ClInclude>
    <ClInclude Include="..\Public\Base.h">
      <Filter>01. Utility\99. SuperClass</Filter>
    </ClInclude>
    <ClInclude Include="..\Public\GameInstance.h">
      <Filter>01. Utility\00. GameInstance</Filter>
    </ClInclude>
    <ClInclude Include="..\Public\Graphic_Device.h">
      <Filter>00. System\00. Device\Graphic</Filter>
    </ClInclude>
    <ClInclude Include="..\Public\Level.h">
      <Filter>01. Utility\01. Levels</Filter>
    </ClInclude>
    <ClInclude Include="..\Public\Level_Manager.h">
      <Filter>01. Utility\01. Levels\Manager</Filter>
    </ClInclude>
    <ClInclude Include="..\Public\GameObject.h">
      <Filter>01. Utility\02. GameObject</Filter>
    </ClInclude>
    <ClInclude Include="..\Public\Object_Manager.h">
      <Filter>01. Utility\02. GameObject\Manager</Filter>
    </ClInclude>
    <ClInclude Include="..\Public\Layer.h">
      <Filter>01. Utility\02. GameObject\Manager\Layer</Filter>
    </ClInclude>
    <ClInclude Include="..\Public\Renderer.h">
      <Filter>01. Utility\03. Renderer</Filter>
    </ClInclude>
    <ClInclude Include="..\Public\Timer.h">
      <Filter>00. System\01. Timers</Filter>
    </ClInclude>
    <ClInclude Include="..\Public\Timer_Manager.h">
      <Filter>00. System\01. Timers\Manager</Filter>
    </ClInclude>
    <ClInclude Include="..\Public\Camera.h">
      <Filter>01. Utility\02. GameObject\Camera</Filter>
    </ClInclude>
    <ClInclude Include="..\Public\PipeLine.h">
      <Filter>01. Utility\05. PIpeLine</Filter>
    </ClInclude>
    <ClInclude Include="..\Public\Input_Device.h">
      <Filter>00. System\00. Device\Input</Filter>
    </ClInclude>
    <ClInclude Include="..\Public\Key_Manager.h">
      <Filter>01. Utility\97. Key_Manager</Filter>
    </ClInclude>
    <ClInclude Include="..\Public\Light.h">
      <Filter>01. Utility\06. Lights</Filter>
    </ClInclude>
    <ClInclude Include="..\Public\Engine_Typedef.h">
      <Filter>99. Defines</Filter>
    </ClInclude>
    <ClInclude Include="..\Public\Light_Manager.h">
      <Filter>01. Utility\06. Lights\Manager</Filter>
    </ClInclude>
    <ClInclude Include="..\Public\CustomFont.h">
      <Filter>01. Utility\07. Fonts</Filter>
    </ClInclude>
    <ClInclude Include="..\Public\Font_Manager.h">
      <Filter>01. Utility\07. Fonts\Manager</Filter>
    </ClInclude>
    <ClInclude Include="..\Public\RenderTarget.h">
      <Filter>01. Utility\08. RenderTargets</Filter>
    </ClInclude>
    <ClInclude Include="..\Public\Target_Manager.h">
      <Filter>01. Utility\08. RenderTargets\Manager</Filter>
    </ClInclude>
    <ClInclude Include="..\Public\Component.h">
      <Filter>01. Utility\04. Component</Filter>
    </ClInclude>
    <ClInclude Include="..\Public\VIBuffer.h">
      <Filter>01. Utility\04. Component\VIBuffer</Filter>
    </ClInclude>
    <ClInclude Include="..\Public\VIBuffer_Rect.h">
      <Filter>01. Utility\04. Component\VIBuffer\Rect</Filter>
    </ClInclude>
    <ClInclude Include="..\Public\VIBuffer_Terrain.h">
      <Filter>01. Utility\04. Component\VIBuffer\Terrain</Filter>
    </ClInclude>
    <ClInclude Include="..\Public\VIBuffer_Cell.h">
      <Filter>01. Utility\04. Component\VIBuffer\Cell</Filter>
    </ClInclude>
    <ClInclude Include="..\Public\VIBuffer_Instancing.h">
      <Filter>01. Utility\04. Component\VIBuffer\Instancing</Filter>
    </ClInclude>
    <ClInclude Include="..\Public\VIBuffer_Particle_Rect.h">
      <Filter>01. Utility\04. Component\VIBuffer\Instancing\Particle\Rect</Filter>
    </ClInclude>
    <ClInclude Include="..\Public\VIBuffer_Particle_Point.h">
      <Filter>01. Utility\04. Component\VIBuffer\Instancing\Particle\Point</Filter>
    </ClInclude>
    <ClInclude Include="..\Public\VIBuffer_Point.h">
      <Filter>01. Utility\04. Component\VIBuffer\Point</Filter>
    </ClInclude>
    <ClInclude Include="..\Public\Shader.h">
      <Filter>01. Utility\04. Component\Shader</Filter>
    </ClInclude>
    <ClInclude Include="..\Public\Component_Manager.h">
      <Filter>01. Utility\04. Component\Manager</Filter>
    </ClInclude>
    <ClInclude Include="..\Public\Texture.h">
      <Filter>01. Utility\04. Component\Texture</Filter>
    </ClInclude>
    <ClInclude Include="..\Public\Transform.h">
      <Filter>01. Utility\04. Component\Transform</Filter>
    </ClInclude>
    <ClInclude Include="..\Public\Collider.h">
      <Filter>01. Utility\04. Component\Collider</Filter>
    </ClInclude>
    <ClInclude Include="..\Public\Bounding.h">
      <Filter>01. Utility\04. Component\Collider\Bounding</Filter>
    </ClInclude>
    <ClInclude Include="..\Public\Bounding_AABB.h">
      <Filter>01. Utility\04. Component\Collider\Bounding\AABB</Filter>
    </ClInclude>
    <ClInclude Include="..\Public\Bounding_Sphere.h">
      <Filter>01. Utility\04. Component\Collider\Bounding\Sphere</Filter>
    </ClInclude>
    <ClInclude Include="..\Public\Bounding_OBB.h">
      <Filter>01. Utility\04. Component\Collider\Bounding\OBB</Filter>
    </ClInclude>
    <ClInclude Include="..\Public\DebugDraw.h">
      <Filter>01. Utility\04. Component\Collider\DebugDraw</Filter>
    </ClInclude>
    <ClInclude Include="..\Public\Collider_Manager.h">
      <Filter>01. Utility\04. Component\Collider\Manager</Filter>
    </ClInclude>
    <ClInclude Include="..\Public\Collider_Layer.h">
      <Filter>01. Utility\04. Component\Collider\Manager\Collider_Layer</Filter>
    </ClInclude>
    <ClInclude Include="..\Public\Calculator.h">
      <Filter>01. Utility\04. Component\Calculator</Filter>
    </ClInclude>
    <ClInclude Include="..\Public\Model.h">
      <Filter>01. Utility\04. Component\Model</Filter>
    </ClInclude>
    <ClInclude Include="..\Public\Mesh.h">
      <Filter>01. Utility\04. Component\Model\Mesh</Filter>
    </ClInclude>
    <ClInclude Include="..\Public\Bone.h">
      <Filter>01. Utility\04. Component\Model\Bone</Filter>
    </ClInclude>
    <ClInclude Include="..\Public\Animation.h">
      <Filter>01. Utility\04. Component\Model\Animation</Filter>
    </ClInclude>
    <ClInclude Include="..\Public\Channel.h">
      <Filter>01. Utility\04. Component\Model\Animation\Channel</Filter>
    </ClInclude>
    <ClInclude Include="..\Public\Navigation.h">
      <Filter>01. Utility\04. Component\Navigation</Filter>
    </ClInclude>
    <ClInclude Include="..\Public\Cell.h">
      <Filter>01. Utility\04. Component\Navigation\Cell</Filter>
    </ClInclude>
  </ItemGroup>
  <ItemGroup>
    <ClCompile Include="..\Private\Base.cpp">
      <Filter>01. Utility\99. SuperClass</Filter>
    </ClCompile>
    <ClCompile Include="..\Private\GameInstance.cpp">
      <Filter>01. Utility\00. GameInstance</Filter>
    </ClCompile>
    <ClCompile Include="..\Private\Graphic_Device.cpp">
      <Filter>00. System\00. Device\Graphic</Filter>
    </ClCompile>
    <ClCompile Include="..\Private\Level.cpp">
      <Filter>01. Utility\01. Levels</Filter>
    </ClCompile>
    <ClCompile Include="..\Private\Level_Manager.cpp">
      <Filter>01. Utility\01. Levels\Manager</Filter>
    </ClCompile>
    <ClCompile Include="..\Private\GameObject.cpp">
      <Filter>01. Utility\02. GameObject</Filter>
    </ClCompile>
    <ClCompile Include="..\Private\Object_Manager.cpp">
      <Filter>01. Utility\02. GameObject\Manager</Filter>
    </ClCompile>
    <ClCompile Include="..\Private\Layer.cpp">
      <Filter>01. Utility\02. GameObject\Manager\Layer</Filter>
    </ClCompile>
    <ClCompile Include="..\Private\Renderer.cpp">
      <Filter>01. Utility\03. Renderer</Filter>
    </ClCompile>
    <ClCompile Include="..\Private\Timer.cpp">
      <Filter>00. System\01. Timers</Filter>
    </ClCompile>
    <ClCompile Include="..\Private\Timer_Manager.cpp">
      <Filter>00. System\01. Timers\Manager</Filter>
    </ClCompile>
    <ClCompile Include="..\Public\Engine_Struct.cpp">
      <Filter>99. Defines</Filter>
    </ClCompile>
    <ClCompile Include="..\Private\Camera.cpp">
      <Filter>01. Utility\02. GameObject\Camera</Filter>
    </ClCompile>
    <ClCompile Include="..\Private\PipeLine.cpp">
      <Filter>01. Utility\05. PIpeLine</Filter>
    </ClCompile>
    <ClCompile Include="..\Private\Input_Device.cpp">
      <Filter>00. System\00. Device\Input</Filter>
    </ClCompile>
    <ClCompile Include="..\Private\Key_Manager.cpp">
      <Filter>01. Utility\97. Key_Manager</Filter>
    </ClCompile>
    <ClCompile Include="..\Private\Light.cpp">
      <Filter>01. Utility\06. Lights</Filter>
    </ClCompile>
    <ClCompile Include="..\Private\Light_Manager.cpp">
      <Filter>01. Utility\06. Lights\Manager</Filter>
    </ClCompile>
    <ClCompile Include="..\Private\CustomFont.cpp">
      <Filter>01. Utility\07. Fonts</Filter>
    </ClCompile>
    <ClCompile Include="..\Private\Font_Manager.cpp">
      <Filter>01. Utility\07. Fonts\Manager</Filter>
    </ClCompile>
    <ClCompile Include="..\Private\RenderTarget.cpp">
      <Filter>01. Utility\08. RenderTargets</Filter>
    </ClCompile>
    <ClCompile Include="..\Private\Target_Manager.cpp">
      <Filter>01. Utility\08. RenderTargets\Manager</Filter>
    </ClCompile>
    <ClCompile Include="..\Private\Component.cpp">
      <Filter>01. Utility\04. Component</Filter>
    </ClCompile>
    <ClCompile Include="..\Private\VIBuffer.cpp">
      <Filter>01. Utility\04. Component\VIBuffer</Filter>
    </ClCompile>
    <ClCompile Include="..\Private\VIBuffer_Rect.cpp">
      <Filter>01. Utility\04. Component\VIBuffer\Rect</Filter>
    </ClCompile>
    <ClCompile Include="..\Private\VIBuffer_Terrain.cpp">
      <Filter>01. Utility\04. Component\VIBuffer\Terrain</Filter>
    </ClCompile>
    <ClCompile Include="..\Private\VIBuffer_Cell.cpp">
      <Filter>01. Utility\04. Component\VIBuffer\Cell</Filter>
    </ClCompile>
    <ClCompile Include="..\Private\VIBuffer_Instancing.cpp">
      <Filter>01. Utility\04. Component\VIBuffer\Instancing</Filter>
    </ClCompile>
    <ClCompile Include="..\Private\VIBuffer_Particle_Rect.cpp">
      <Filter>01. Utility\04. Component\VIBuffer\Instancing\Particle\Rect</Filter>
    </ClCompile>
    <ClCompile Include="..\Private\VIBuffer_Particle_Point.cpp">
      <Filter>01. Utility\04. Component\VIBuffer\Instancing\Particle\Point</Filter>
    </ClCompile>
    <ClCompile Include="..\Private\VIBuffer_Point.cpp">
      <Filter>01. Utility\04. Component\VIBuffer\Point</Filter>
    </ClCompile>
    <ClCompile Include="..\Private\Shader.cpp">
      <Filter>01. Utility\04. Component\Shader</Filter>
    </ClCompile>
    <ClCompile Include="..\Private\Component_Manager.cpp">
      <Filter>01. Utility\04. Component\Manager</Filter>
    </ClCompile>
    <ClCompile Include="..\Private\Texture.cpp">
      <Filter>01. Utility\04. Component\Texture</Filter>
    </ClCompile>
    <ClCompile Include="..\Private\Transform.cpp">
      <Filter>01. Utility\04. Component\Transform</Filter>
    </ClCompile>
    <ClCompile Include="..\Private\Collider.cpp">
      <Filter>01. Utility\04. Component\Collider</Filter>
    </ClCompile>
    <ClCompile Include="..\Private\Bounding.cpp">
      <Filter>01. Utility\04. Component\Collider\Bounding</Filter>
    </ClCompile>
    <ClCompile Include="..\Private\Bounding_AABB.cpp">
      <Filter>01. Utility\04. Component\Collider\Bounding\AABB</Filter>
    </ClCompile>
    <ClCompile Include="..\Private\Bounding_Sphere.cpp">
      <Filter>01. Utility\04. Component\Collider\Bounding\Sphere</Filter>
    </ClCompile>
    <ClCompile Include="..\Private\Bounding_OBB.cpp">
      <Filter>01. Utility\04. Component\Collider\Bounding\OBB</Filter>
    </ClCompile>
    <ClCompile Include="..\Private\DebugDraw.cpp">
      <Filter>01. Utility\04. Component\Collider\DebugDraw</Filter>
    </ClCompile>
    <ClCompile Include="..\Private\Collider_Manager.cpp">
      <Filter>01. Utility\04. Component\Collider\Manager</Filter>
    </ClCompile>
    <ClCompile Include="..\Private\Collider_Layer.cpp">
      <Filter>01. Utility\04. Component\Collider\Manager\Collider_Layer</Filter>
    </ClCompile>
    <ClCompile Include="..\Private\Calculator.cpp">
      <Filter>01. Utility\04. Component\Calculator</Filter>
    </ClCompile>
    <ClCompile Include="..\Private\Model.cpp">
      <Filter>01. Utility\04. Component\Model</Filter>
    </ClCompile>
    <ClCompile Include="..\Private\Mesh.cpp">
      <Filter>01. Utility\04. Component\Model\Mesh</Filter>
    </ClCompile>
    <ClCompile Include="..\Private\Bone.cpp">
      <Filter>01. Utility\04. Component\Model\Bone</Filter>
    </ClCompile>
    <ClCompile Include="..\Private\Animation.cpp">
      <Filter>01. Utility\04. Component\Model\Animation</Filter>
    </ClCompile>
    <ClCompile Include="..\Private\Channel.cpp">
      <Filter>01. Utility\04. Component\Model\Animation\Channel</Filter>
    </ClCompile>
    <ClCompile Include="..\Private\Navigation.cpp">
      <Filter>01. Utility\04. Component\Navigation</Filter>
    </ClCompile>
    <ClCompile Include="..\Private\Cell.cpp">
      <Filter>01. Utility\04. Component\Navigation\Cell</Filter>
    </ClCompile>
  </ItemGroup>
  <ItemGroup>
    <FxCompile Include="..\Bin\ShaderFiles\Shader_Cell.hlsl">
      <Filter>01. Utility\98. ShaderFiles</Filter>
    </FxCompile>
    <FxCompile Include="..\Bin\ShaderFiles\Shader_Deferred.hlsl">
      <Filter>01. Utility\98. ShaderFiles</Filter>
    </FxCompile>
  </ItemGroup>
  <ItemGroup>
    <None Include="..\Bin\ShaderFiles\Shader_Defines.hlsli">
      <Filter>01. Utility\98. ShaderFiles</Filter>
    </None>
  </ItemGroup>
</Project>