<?xml version="1.0" encoding="utf-8"?>
<Project ToolsVersion="4.0" xmlns="http://schemas.microsoft.com/developer/msbuild/2003">
  <ItemGroup>
    <FxCompile Include="..\Bin\ShaderFiles\Shader_VtxAnimMesh.hlsl">
      <Filter>97.ShaderFiles</Filter>
    </FxCompile>
    <FxCompile Include="..\Bin\ShaderFiles\Shader_VtxMesh.hlsl">
      <Filter>97.ShaderFiles</Filter>
    </FxCompile>
    <FxCompile Include="..\Bin\ShaderFiles\Shader_VtxPosTex.hlsl">
      <Filter>97.ShaderFiles</Filter>
    </FxCompile>
    <FxCompile Include="..\Bin\ShaderFiles\Shader_VtxRectInstance.hlsl">
      <Filter>97.ShaderFiles</Filter>
    </FxCompile>
    <FxCompile Include="..\Bin\ShaderFiles\Shader_VtxNorTex.hlsl">
      <Filter>97.ShaderFiles</Filter>
    </FxCompile>
    <FxCompile Include="..\Bin\ShaderFiles\Shader_VtxPointInstance.hlsl">
      <Filter>97.ShaderFiles</Filter>
    </FxCompile>
    <FxCompile Include="..\Bin\ShaderFiles\Shader_VtxAnimMesh_OutLine.hlsl">
      <Filter>97.ShaderFiles</Filter>
    </FxCompile>
    <FxCompile Include="..\Bin\ShaderFiles\Shader_VtxPoint_Trail.hlsl">
      <Filter>97.ShaderFiles</Filter>
    </FxCompile>
    <FxCompile Include="..\Bin\ShaderFiles\Shader_VtxPoint_Rect.hlsl">
      <Filter>97.ShaderFiles</Filter>
    </FxCompile>
    <FxCompile Include="..\Bin\ShaderFiles\Shader_VtxMesh_OutLine.hlsl">
      <Filter>97.ShaderFiles</Filter>
    </FxCompile>
    <FxCompile Include="..\Bin\ShaderFiles\Shader_VtxMesh_Effect.hlsl">
      <Filter>97.ShaderFiles</Filter>
    </FxCompile>
    <FxCompile Include="..\Bin\ShaderFiles\Shader_VtxCube.hlsl">
      <Filter>97.ShaderFiles</Filter>
    </FxCompile>
  </ItemGroup>
  <ItemGroup>
    <ClCompile Include="stdafx.cpp">
      <Filter>98.Default</Filter>
    </ClCompile>
    <ClCompile Include="Client.cpp">
      <Filter>98.Default</Filter>
    </ClCompile>
    <ClCompile Include="..\Private\MainApp.cpp">
      <Filter>00.MainApp</Filter>
    </ClCompile>
    <ClCompile Include="..\Private\Level_GamePlay.cpp">
      <Filter>01.Levels\03. GamePlay</Filter>
    </ClCompile>
    <ClCompile Include="..\Private\Level_Loading.cpp">
      <Filter>01.Levels\00.Loading</Filter>
    </ClCompile>
    <ClCompile Include="..\Private\Camera_Free.cpp">
      <Filter>02.GameObjects\Cameras</Filter>
    </ClCompile>
    <ClCompile Include="..\Private\Terrain.cpp">
      <Filter>02.GameObjects\Terrain</Filter>
    </ClCompile>
    <ClCompile Include="..\Private\Deco.cpp">
      <Filter>02.GameObjects\Environment\Deco</Filter>
    </ClCompile>
    <ClCompile Include="..\Private\Item.cpp">
      <Filter>02.GameObjects\Environment\Item</Filter>
    </ClCompile>
    <ClCompile Include="..\Private\Body_Player_Naruto.cpp">
      <Filter>02.GameObjects\LandObject\Player\Player_Naruto\Parts\Body</Filter>
    </ClCompile>
    <ClCompile Include="..\Private\Map.cpp">
      <Filter>02.GameObjects\Map</Filter>
    </ClCompile>
    <ClCompile Include="..\Private\Body_Monster_LeafNinja.cpp">
      <Filter>02.GameObjects\LandObject\Monster\Monster_LeafNinja\Body</Filter>
    </ClCompile>
    <ClCompile Include="..\Private\Skill.cpp">
      <Filter>02.GameObjects\Skill</Filter>
    </ClCompile>
    <ClCompile Include="..\Private\Rasengun.cpp">
      <Filter>02.GameObjects\Skill\Rasengun</Filter>
    </ClCompile>
    <ClCompile Include="..\Private\RasenShuriken.cpp">
      <Filter>02.GameObjects\Skill\RasenShuriken</Filter>
    </ClCompile>
    <ClCompile Include="..\Private\Rasengun_Super.cpp">
      <Filter>02.GameObjects\Skill\Rasengun_Super</Filter>
    </ClCompile>
    <ClCompile Include="..\Private\FlameBomb.cpp">
      <Filter>02.GameObjects\Skill\FlameBomb</Filter>
    </ClCompile>
    <ClCompile Include="..\Private\Monster_LeafNinja.cpp">
      <Filter>02.GameObjects\LandObject\Monster\Monster_LeafNinja</Filter>
    </ClCompile>
    <ClCompile Include="..\Private\Body_Monster_Samurai.cpp">
      <Filter>02.GameObjects\LandObject\Monster\Monster_Samurai\Parts\Body</Filter>
    </ClCompile>
    <ClCompile Include="..\Private\Monster_Samurai.cpp">
      <Filter>02.GameObjects\LandObject\Monster\Monster_Samurai</Filter>
    </ClCompile>
    <ClCompile Include="..\Private\Weapon.cpp">
      <Filter>02.GameObjects\LandObject\Monster\Monster_Samurai\Parts\Weapon</Filter>
    </ClCompile>
    <ClCompile Include="..\Private\Wood_Dragon.cpp">
      <Filter>02.GameObjects\Skill\Wood_Dragon</Filter>
    </ClCompile>
    <ClCompile Include="..\Private\Level_Logo.cpp">
      <Filter>01.Levels\01. Logo</Filter>
    </ClCompile>
    <ClCompile Include="..\Private\BackGround.cpp">
      <Filter>02.GameObjects\BackGround</Filter>
    </ClCompile>
    <ClCompile Include="..\Private\LandObject.cpp">
      <Filter>02.GameObjects\LandObject</Filter>
    </ClCompile>
    <ClCompile Include="..\Private\Wood_Swap.cpp">
      <Filter>02.GameObjects\Skill\Wood_Swap</Filter>
    </ClCompile>
    <ClCompile Include="..\Private\Player_Naruto.cpp">
      <Filter>02.GameObjects\LandObject\Player\Player_Naruto</Filter>
    </ClCompile>
    <ClCompile Include="..\Private\PartObject.cpp">
      <Filter>02.GameObjects\PartsObject</Filter>
    </ClCompile>
    <ClCompile Include="..\Private\Body_Player_Custom_HeadGear.cpp">
      <Filter>02.GameObjects\LandObject\Player\Player_Custom\Body\Body_HeadGear</Filter>
    </ClCompile>
    <ClCompile Include="..\Private\Player.cpp">
      <Filter>02.GameObjects\LandObject\Player</Filter>
    </ClCompile>
    <ClCompile Include="..\Private\Body_Player_Custom_Face.cpp">
      <Filter>02.GameObjects\LandObject\Player\Player_Custom\Body\Body_Face</Filter>
    </ClCompile>
    <ClCompile Include="..\Private\Body_Player_Custom_Lower.cpp">
      <Filter>02.GameObjects\LandObject\Player\Player_Custom\Body\Body_Lower</Filter>
    </ClCompile>
    <ClCompile Include="..\Private\Body_Player_Custom_Upper.cpp">
      <Filter>02.GameObjects\LandObject\Player\Player_Custom\Body\Body_Upper</Filter>
    </ClCompile>
    <ClCompile Include="..\Private\Level_CustomRoom.cpp">
      <Filter>01.Levels\02. CustomRoom</Filter>
    </ClCompile>
    <ClCompile Include="..\Private\Kamui.cpp">
      <Filter>02.GameObjects\Skill\Kamui</Filter>
    </ClCompile>
    <ClCompile Include="..\Private\Chidori.cpp">
      <Filter>02.GameObjects\Skill\Chidori</Filter>
    </ClCompile>
    <ClCompile Include="..\Private\Wood_Hand.cpp">
      <Filter>02.GameObjects\Skill\Wood_Hand</Filter>
    </ClCompile>
    <ClCompile Include="..\Private\Boss_Naruto.cpp">
      <Filter>02.GameObjects\LandObject\Monster\Boss_Naruto</Filter>
    </ClCompile>
    <ClCompile Include="..\Private\Body_Boss_Naruto.cpp">
      <Filter>02.GameObjects\LandObject\Monster\Boss_Naruto\Body</Filter>
    </ClCompile>
    <ClCompile Include="..\Private\Particle_Rect.cpp">
      <Filter>02.GameObjects\Effect\Particle\Rect</Filter>
    </ClCompile>
    <ClCompile Include="..\Private\Particle_Point.cpp">
      <Filter>02.GameObjects\Effect\Particle\Point</Filter>
    </ClCompile>
    <ClCompile Include="..\Private\Trail_Line.cpp">
      <Filter>02.GameObjects\Effect\Trail\Line</Filter>
    </ClCompile>
    <ClCompile Include="..\Private\UI.cpp">
      <Filter>02.GameObjects\UI</Filter>
    </ClCompile>
    <ClCompile Include="..\Private\UI_Player_Status.cpp">
      <Filter>02.GameObjects\UI\UI_Player_Status</Filter>
    </ClCompile>
    <ClCompile Include="..\Private\UI_Player_Skills.cpp">
      <Filter>02.GameObjects\UI\UI_Player_Skills</Filter>
    </ClCompile>
    <ClCompile Include="..\Private\UI_Player_Custom.cpp">
      <Filter>02.GameObjects\UI\UI_Player_Custom</Filter>
    </ClCompile>
    <ClCompile Include="..\Private\UI_Monster_Status.cpp">
      <Filter>02.GameObjects\UI\UI_Monster_Status</Filter>
    </ClCompile>
    <ClCompile Include="..\Private\Player_Custom.cpp">
      <Filter>02.GameObjects\LandObject\Player\Player_Custom</Filter>
    </ClCompile>
    <ClCompile Include="..\Private\Level_BossStage.cpp">
      <Filter>01.Levels\04. BossStage</Filter>
    </ClCompile>
    <ClCompile Include="..\Private\UI_System.cpp">
      <Filter>02.GameObjects\UI\UI_System</Filter>
    </ClCompile>
    <ClCompile Include="..\Private\UI_Boss_Status.cpp">
      <Filter>02.GameObjects\UI\UI_Boss_Status</Filter>
    </ClCompile>
    <ClCompile Include="..\Private\Boss_Kurama.cpp">
      <Filter>02.GameObjects\LandObject\Monster\Boss_Kurama</Filter>
    </ClCompile>
    <ClCompile Include="..\Private\Body_Boss_Kurama.cpp">
      <Filter>02.GameObjects\LandObject\Monster\Boss_Kurama\Body</Filter>
    </ClCompile>
    <ClCompile Include="..\Private\Kurama_Scratch.cpp">
      <Filter>02.GameObjects\Skill\Kurama_Scratch</Filter>
    </ClCompile>
    <ClCompile Include="..\Private\EventTrigger.cpp">
      <Filter>02.GameObjects\EventTrigger</Filter>
    </ClCompile>
    <ClCompile Include="..\Private\Loader.cpp">
      <Filter>01.Levels\00.Loading\Loader</Filter>
    </ClCompile>
    <ClCompile Include="..\Private\Effect_Mesh.cpp">
      <Filter>02.GameObjects\Effect\Mesh</Filter>
    </ClCompile>
    <ClCompile Include="..\Private\Sky.cpp">
      <Filter>02.GameObjects\Sky</Filter>
    </ClCompile>
  </ItemGroup>
  <ItemGroup>
    <ClInclude Include="stdafx.h">
      <Filter>98.Default</Filter>
    </ClInclude>
    <ClInclude Include="targetver.h">
      <Filter>98.Default</Filter>
    </ClInclude>
    <ClInclude Include="..\Public\MainApp.h">
      <Filter>00.MainApp</Filter>
    </ClInclude>
    <ClInclude Include="..\Public\Level_GamePlay.h">
      <Filter>01.Levels\03. GamePlay</Filter>
    </ClInclude>
    <ClInclude Include="..\Public\Level_Loading.h">
      <Filter>01.Levels\00.Loading</Filter>
    </ClInclude>
    <ClInclude Include="..\Public\Loader.h">
      <Filter>01.Levels\00.Loading\Loader</Filter>
    </ClInclude>
    <ClInclude Include="..\Public\Camera_Free.h">
      <Filter>02.GameObjects\Cameras</Filter>
    </ClInclude>
    <ClInclude Include="..\Public\Terrain.h">
      <Filter>02.GameObjects\Terrain</Filter>
    </ClInclude>
    <ClInclude Include="..\Public\Deco.h">
      <Filter>02.GameObjects\Environment\Deco</Filter>
    </ClInclude>
    <ClInclude Include="..\Public\Item.h">
      <Filter>02.GameObjects\Environment\Item</Filter>
    </ClInclude>
    <ClInclude Include="framework.h">
      <Filter>98.Default</Filter>
    </ClInclude>
    <ClInclude Include="Resource.h">
      <Filter>98.Default</Filter>
    </ClInclude>
    <ClInclude Include="..\Public\Body_Player_Naruto.h">
      <Filter>02.GameObjects\LandObject\Player\Player_Naruto\Parts\Body</Filter>
    </ClInclude>
    <ClInclude Include="..\Public\Map.h">
      <Filter>02.GameObjects\Map</Filter>
    </ClInclude>
    <ClInclude Include="..\Public\LandObject.h">
      <Filter>02.GameObjects\LandObject</Filter>
    </ClInclude>
    <ClInclude Include="..\Public\Body_Monster_LeafNinja.h">
      <Filter>02.GameObjects\LandObject\Monster\Monster_LeafNinja\Body</Filter>
    </ClInclude>
    <ClInclude Include="..\Public\Skill.h">
      <Filter>02.GameObjects\Skill</Filter>
    </ClInclude>
    <ClInclude Include="..\Public\Rasengun.h">
      <Filter>02.GameObjects\Skill\Rasengun</Filter>
    </ClInclude>
    <ClInclude Include="..\Public\RasenShuriken.h">
      <Filter>02.GameObjects\Skill\RasenShuriken</Filter>
    </ClInclude>
    <ClInclude Include="..\Public\Rasengun_Super.h">
      <Filter>02.GameObjects\Skill\Rasengun_Super</Filter>
    </ClInclude>
    <ClInclude Include="..\Public\FlameBomb.h">
      <Filter>02.GameObjects\Skill\FlameBomb</Filter>
    </ClInclude>
    <ClInclude Include="..\Public\Monster_LeafNinja.h">
      <Filter>02.GameObjects\LandObject\Monster\Monster_LeafNinja</Filter>
    </ClInclude>
    <ClInclude Include="..\Public\Body_Monster_Samurai.h">
      <Filter>02.GameObjects\LandObject\Monster\Monster_Samurai\Parts\Body</Filter>
    </ClInclude>
    <ClInclude Include="..\Public\Monster_Samurai.h">
      <Filter>02.GameObjects\LandObject\Monster\Monster_Samurai</Filter>
    </ClInclude>
    <ClInclude Include="..\Public\Weapon.h">
      <Filter>02.GameObjects\LandObject\Monster\Monster_Samurai\Parts\Weapon</Filter>
    </ClInclude>
    <ClInclude Include="..\Public\Wood_Dragon.h">
      <Filter>02.GameObjects\Skill\Wood_Dragon</Filter>
    </ClInclude>
    <ClInclude Include="..\Public\Level_Logo.h">
      <Filter>01.Levels\01. Logo</Filter>
    </ClInclude>
    <ClInclude Include="..\Public\BackGround.h">
      <Filter>02.GameObjects\BackGround</Filter>
    </ClInclude>
    <ClInclude Include="..\Public\Wood_Swap.h">
      <Filter>02.GameObjects\Skill\Wood_Swap</Filter>
    </ClInclude>
    <ClInclude Include="..\Public\Player_Naruto.h">
      <Filter>02.GameObjects\LandObject\Player\Player_Naruto</Filter>
    </ClInclude>
    <ClInclude Include="..\Public\PartObject.h">
      <Filter>02.GameObjects\PartsObject</Filter>
    </ClInclude>
    <ClInclude Include="..\Public\Player_Custom.h">
      <Filter>02.GameObjects\LandObject\Player\Player_Custom</Filter>
    </ClInclude>
    <ClInclude Include="..\Public\Body_Player_Custom_HeadGear.h">
      <Filter>02.GameObjects\LandObject\Player\Player_Custom\Body\Body_HeadGear</Filter>
    </ClInclude>
    <ClInclude Include="..\Public\Player.h">
      <Filter>02.GameObjects\LandObject\Player</Filter>
    </ClInclude>
    <ClInclude Include="..\Public\Body_Player_Custom_Face.h">
      <Filter>02.GameObjects\LandObject\Player\Player_Custom\Body\Body_Face</Filter>
    </ClInclude>
    <ClInclude Include="..\Public\Body_Player_Custom_Lower.h">
      <Filter>02.GameObjects\LandObject\Player\Player_Custom\Body\Body_Lower</Filter>
    </ClInclude>
    <ClInclude Include="..\Public\Body_Player_Custom_Upper.h">
      <Filter>02.GameObjects\LandObject\Player\Player_Custom\Body\Body_Upper</Filter>
    </ClInclude>
    <ClInclude Include="..\Public\Kamui.h">
      <Filter>02.GameObjects\Skill\Kamui</Filter>
    </ClInclude>
    <ClInclude Include="..\Public\Chidori.h">
      <Filter>02.GameObjects\Skill\Chidori</Filter>
    </ClInclude>
    <ClInclude Include="..\Public\Wood_Hand.h">
      <Filter>02.GameObjects\Skill\Wood_Hand</Filter>
    </ClInclude>
    <ClInclude Include="..\Public\Boss_Naruto.h">
      <Filter>02.GameObjects\LandObject\Monster\Boss_Naruto</Filter>
    </ClInclude>
    <ClInclude Include="..\Public\Body_Boss_Naruto.h">
      <Filter>02.GameObjects\LandObject\Monster\Boss_Naruto\Body</Filter>
    </ClInclude>
    <ClInclude Include="..\Public\Particle_Rect.h">
      <Filter>02.GameObjects\Effect\Particle\Rect</Filter>
    </ClInclude>
    <ClInclude Include="..\Public\Particle_Point.h">
      <Filter>02.GameObjects\Effect\Particle\Point</Filter>
    </ClInclude>
    <ClInclude Include="..\Public\Trail_Line.h">
      <Filter>02.GameObjects\Effect\Trail\Line</Filter>
    </ClInclude>
    <ClInclude Include="..\Public\UI.h">
      <Filter>02.GameObjects\UI</Filter>
    </ClInclude>
    <ClInclude Include="..\Public\UI_Player_Status.h">
      <Filter>02.GameObjects\UI\UI_Player_Status</Filter>
    </ClInclude>
    <ClInclude Include="..\Public\UI_Player_Skills.h">
      <Filter>02.GameObjects\UI\UI_Player_Skills</Filter>
    </ClInclude>
    <ClInclude Include="..\Public\UI_Player_Custom.h">
      <Filter>02.GameObjects\UI\UI_Player_Custom</Filter>
    </ClInclude>
    <ClInclude Include="..\Public\UI_Monster_Status.h">
      <Filter>02.GameObjects\UI\UI_Monster_Status</Filter>
    </ClInclude>
    <ClInclude Include="..\Public\Level_CustomRoom.h">
      <Filter>01.Levels\02. CustomRoom</Filter>
    </ClInclude>
    <ClInclude Include="..\Public\Level_BossStage.h">
      <Filter>01.Levels\04. BossStage</Filter>
    </ClInclude>
    <ClInclude Include="..\Public\UI_System.h">
      <Filter>02.GameObjects\UI\UI_System</Filter>
    </ClInclude>
    <ClInclude Include="..\Public\UI_Boss_Status.h">
      <Filter>02.GameObjects\UI\UI_Boss_Status</Filter>
    </ClInclude>
    <ClInclude Include="..\Public\Client_Defines.h">
      <Filter>99.Defines</Filter>
    </ClInclude>
    <ClInclude Include="..\Public\Boss_Kurama.h">
      <Filter>02.GameObjects\LandObject\Monster\Boss_Kurama</Filter>
    </ClInclude>
    <ClInclude Include="..\Public\Body_Boss_Kurama.h">
      <Filter>02.GameObjects\LandObject\Monster\Boss_Kurama\Body</Filter>
    </ClInclude>
    <ClInclude Include="..\Public\Kurama_Scratch.h">
      <Filter>02.GameObjects\Skill\Kurama_Scratch</Filter>
    </ClInclude>
    <ClInclude Include="..\Public\EventTrigger.h">
      <Filter>02.GameObjects\EventTrigger</Filter>
    </ClInclude>
    <ClInclude Include="..\Public\Effect_Mesh.h">
      <Filter>02.GameObjects\Effect\Mesh</Filter>
    </ClInclude>
    <ClInclude Include="..\Public\Sky.h">
      <Filter>02.GameObjects\Sky</Filter>
    </ClInclude>
  </ItemGroup>
  <ItemGroup>
    <Image Include="small.ico">
      <Filter>98.Default</Filter>
    </Image>
    <Image Include="Client.ico">
      <Filter>98.Default</Filter>
    </Image>
  </ItemGroup>
  <ItemGroup>
    <Filter Include="99.Defines">
      <UniqueIdentifier>{ea334617-123f-44da-b3a4-62bc5663a833}</UniqueIdentifier>
    </Filter>
    <Filter Include="98.Default">
      <UniqueIdentifier>{9e381a5c-acad-4eb1-a7dd-2d4fb9881954}</UniqueIdentifier>
    </Filter>
    <Filter Include="97.ShaderFiles">
      <UniqueIdentifier>{a6ad5245-3c6e-4026-bdc5-91b2569aaff8}</UniqueIdentifier>
    </Filter>
    <Filter Include="02.GameObjects">
      <UniqueIdentifier>{c91ca8ff-6382-4adb-a5d1-17c9240d00d3}</UniqueIdentifier>
    </Filter>
    <Filter Include="01.Levels">
      <UniqueIdentifier>{befb1994-baf4-4778-9096-deca6ee69dd6}</UniqueIdentifier>
    </Filter>
    <Filter Include="00.MainApp">
      <UniqueIdentifier>{f2fd7e81-fdde-4fd3-a712-0ea245633714}</UniqueIdentifier>
    </Filter>
    <Filter Include="02.GameObjects\BackGround">
      <UniqueIdentifier>{94f4d0ca-521b-4303-b7ca-e3ef123cb486}</UniqueIdentifier>
    </Filter>
    <Filter Include="02.GameObjects\Cameras">
      <UniqueIdentifier>{f09777a1-988e-4ce6-bc52-96a1db5f2f2f}</UniqueIdentifier>
    </Filter>
    <Filter Include="02.GameObjects\Terrain">
      <UniqueIdentifier>{3849d980-74e8-46d6-9db3-104d74c3d369}</UniqueIdentifier>
    </Filter>
    <Filter Include="02.GameObjects\Map">
      <UniqueIdentifier>{20d1595a-5f59-4feb-88bb-5a889b8244f1}</UniqueIdentifier>
    </Filter>
    <Filter Include="02.GameObjects\Environment">
      <UniqueIdentifier>{79dad06c-96c6-45c6-9bed-a89f39915db2}</UniqueIdentifier>
    </Filter>
    <Filter Include="02.GameObjects\Environment\Item">
      <UniqueIdentifier>{5f2283fb-4c3a-41f5-a299-f94aec3cfdb7}</UniqueIdentifier>
    </Filter>
    <Filter Include="02.GameObjects\Environment\Deco">
      <UniqueIdentifier>{5b99b45e-3a1b-4774-98bd-f984c858a254}</UniqueIdentifier>
    </Filter>
    <Filter Include="02.GameObjects\LandObject">
      <UniqueIdentifier>{2cdd1c9e-305f-41a3-8755-505cd9d82766}</UniqueIdentifier>
    </Filter>
    <Filter Include="02.GameObjects\LandObject\Monster">
      <UniqueIdentifier>{5ef256fa-0165-4ba2-9b9d-6f0505ac5e0c}</UniqueIdentifier>
    </Filter>
    <Filter Include="02.GameObjects\LandObject\Player">
      <UniqueIdentifier>{60ecf89f-a88a-435a-911d-e65ce3c66e1b}</UniqueIdentifier>
    </Filter>
    <Filter Include="02.GameObjects\Effect">
      <UniqueIdentifier>{16a0b7df-617a-435f-9501-baf8e02ed9fe}</UniqueIdentifier>
    </Filter>
    <Filter Include="02.GameObjects\Effect\Particle">
      <UniqueIdentifier>{114141c0-00f3-43a9-8bf2-68c6e7f96219}</UniqueIdentifier>
    </Filter>
    <Filter Include="02.GameObjects\Skill">
      <UniqueIdentifier>{f322995c-f6c8-411b-a67e-e85e089395e7}</UniqueIdentifier>
    </Filter>
    <Filter Include="02.GameObjects\Skill\RasenShuriken">
      <UniqueIdentifier>{9dca1bc5-32ce-4bf5-b26b-fc407b7128e2}</UniqueIdentifier>
    </Filter>
    <Filter Include="02.GameObjects\Skill\Rasengun_Super">
      <UniqueIdentifier>{dd6b4289-7fa2-4def-a4b4-690ba84c4b1b}</UniqueIdentifier>
    </Filter>
    <Filter Include="02.GameObjects\Skill\FlameBomb">
      <UniqueIdentifier>{4362f0f3-e7d4-4a2b-b944-147bb2886ad6}</UniqueIdentifier>
    </Filter>
    <Filter Include="02.GameObjects\LandObject\Monster\Monster_LeafNinja">
      <UniqueIdentifier>{ef8c9cf4-6f32-4212-a3ff-bb6ab97a1b3e}</UniqueIdentifier>
    </Filter>
    <Filter Include="02.GameObjects\LandObject\Monster\Monster_Samurai">
      <UniqueIdentifier>{9d6e48e1-f670-465d-b03e-2dab7ce56286}</UniqueIdentifier>
    </Filter>
    <Filter Include="02.GameObjects\Skill\Wood_Swap">
      <UniqueIdentifier>{8830bc0d-0776-4230-b68a-4b1cc2ab2eb4}</UniqueIdentifier>
    </Filter>
    <Filter Include="02.GameObjects\LandObject\Player\Player_Naruto">
      <UniqueIdentifier>{2bcdb552-2ff0-4fb7-a34d-c08d89c19950}</UniqueIdentifier>
    </Filter>
    <Filter Include="02.GameObjects\PartsObject">
      <UniqueIdentifier>{2717a6e6-29ab-4de6-8a32-4c8b0520af99}</UniqueIdentifier>
    </Filter>
    <Filter Include="02.GameObjects\LandObject\Player\Player_Naruto\Parts">
      <UniqueIdentifier>{8a7327c1-4262-4a58-b229-6ece29f7c21b}</UniqueIdentifier>
    </Filter>
    <Filter Include="02.GameObjects\LandObject\Player\Player_Naruto\Parts\Body">
      <UniqueIdentifier>{67607c80-7875-4e89-8fcb-bc443d8443f2}</UniqueIdentifier>
    </Filter>
    <Filter Include="02.GameObjects\LandObject\Monster\Monster_Samurai\Parts">
      <UniqueIdentifier>{9356cabb-6711-4b9c-ba86-b5d1ad5922ee}</UniqueIdentifier>
    </Filter>
    <Filter Include="02.GameObjects\LandObject\Monster\Monster_Samurai\Parts\Body">
      <UniqueIdentifier>{dd2b0490-53dd-42ab-bf2d-4460d874f21d}</UniqueIdentifier>
    </Filter>
    <Filter Include="02.GameObjects\LandObject\Monster\Monster_Samurai\Parts\Weapon">
      <UniqueIdentifier>{92d0b7d6-1424-4fa8-ad1f-6fa428e91064}</UniqueIdentifier>
    </Filter>
    <Filter Include="02.GameObjects\LandObject\Player\Player_Custom">
      <UniqueIdentifier>{9e2347a2-46fd-4bc0-a4b8-4274b55a3832}</UniqueIdentifier>
    </Filter>
    <Filter Include="02.GameObjects\LandObject\Player\Player_Custom\Parts">
      <UniqueIdentifier>{5bada7d6-1f36-4ac2-b1ee-9cf228e65a21}</UniqueIdentifier>
    </Filter>
    <Filter Include="02.GameObjects\Skill\Kamui">
      <UniqueIdentifier>{3d5308d8-5ec0-4e9e-a7f2-3a12e394e791}</UniqueIdentifier>
    </Filter>
    <Filter Include="02.GameObjects\Skill\Chidori">
      <UniqueIdentifier>{22ba4846-3139-469b-a250-e5f0d236b269}</UniqueIdentifier>
    </Filter>
    <Filter Include="02.GameObjects\Skill\Wood_Hand">
      <UniqueIdentifier>{fb37e6e3-28f4-4613-88ab-2bc0250d08af}</UniqueIdentifier>
    </Filter>
    <Filter Include="02.GameObjects\LandObject\Monster\Boss_Naruto">
      <UniqueIdentifier>{b4c60a42-a624-4448-b398-e4524730f07a}</UniqueIdentifier>
    </Filter>
    <Filter Include="02.GameObjects\LandObject\Monster\Boss_Naruto\Body">
      <UniqueIdentifier>{7494a8d2-e7cc-46c9-9224-54e527908e8b}</UniqueIdentifier>
    </Filter>
    <Filter Include="02.GameObjects\LandObject\Monster\Monster_LeafNinja\Body">
      <UniqueIdentifier>{6c3eda32-0683-4685-aa64-66ef2b413106}</UniqueIdentifier>
    </Filter>
    <Filter Include="02.GameObjects\Effect\Particle\Rect">
      <UniqueIdentifier>{3c038d08-bc81-4045-b75f-561bcf0e978e}</UniqueIdentifier>
    </Filter>
    <Filter Include="02.GameObjects\Effect\Particle\Point">
      <UniqueIdentifier>{fd73a1f7-1ad3-47df-914a-f817609361fd}</UniqueIdentifier>
    </Filter>
    <Filter Include="02.GameObjects\Effect\Trail">
      <UniqueIdentifier>{52f0a738-cdf8-4c24-bf42-b72ab7ccd480}</UniqueIdentifier>
    </Filter>
    <Filter Include="02.GameObjects\Effect\Trail\Line">
      <UniqueIdentifier>{f1f39153-20f1-42dd-8d4d-e4f5e5641b44}</UniqueIdentifier>
    </Filter>
    <Filter Include="02.GameObjects\UI">
      <UniqueIdentifier>{7045e499-8b46-43ae-80d1-9070364f309b}</UniqueIdentifier>
    </Filter>
    <Filter Include="02.GameObjects\UI\UI_Player_Status">
      <UniqueIdentifier>{9723bf45-9ce7-49ec-b59d-d6dc00039f30}</UniqueIdentifier>
    </Filter>
    <Filter Include="02.GameObjects\UI\UI_Player_Skills">
      <UniqueIdentifier>{d982bd63-6ab5-415a-a72b-eb1bf1a69609}</UniqueIdentifier>
    </Filter>
    <Filter Include="02.GameObjects\UI\UI_Player_Custom">
      <UniqueIdentifier>{e751dab6-6cad-4d6d-9b82-ac587ab23c80}</UniqueIdentifier>
    </Filter>
    <Filter Include="02.GameObjects\UI\UI_Monster_Status">
      <UniqueIdentifier>{158dfe3f-0f0f-402a-aa49-41e4ec2b8008}</UniqueIdentifier>
    </Filter>
    <Filter Include="02.GameObjects\LandObject\Player\Player_Custom\Body">
      <UniqueIdentifier>{f4506234-43b0-4279-9e24-c47d67bdf1e0}</UniqueIdentifier>
    </Filter>
    <Filter Include="02.GameObjects\LandObject\Player\Player_Custom\Body\Body_Face">
      <UniqueIdentifier>{09b76810-cf61-465d-85fa-6920cfe4876e}</UniqueIdentifier>
    </Filter>
    <Filter Include="02.GameObjects\LandObject\Player\Player_Custom\Body\Body_Upper">
      <UniqueIdentifier>{bbc37675-6e20-4aad-b840-80000985e59a}</UniqueIdentifier>
    </Filter>
    <Filter Include="02.GameObjects\LandObject\Player\Player_Custom\Body\Body_Lower">
      <UniqueIdentifier>{755d1f07-753a-4127-8037-803e9382d8f5}</UniqueIdentifier>
    </Filter>
    <Filter Include="02.GameObjects\LandObject\Player\Player_Custom\Body\Body_HeadGear">
      <UniqueIdentifier>{12a8d1dc-f05c-4faa-84ae-c05d675d757b}</UniqueIdentifier>
    </Filter>
    <Filter Include="02.GameObjects\UI\UI_System">
      <UniqueIdentifier>{9e84eeaf-b262-40ef-bb87-97cb963a0d4e}</UniqueIdentifier>
    </Filter>
    <Filter Include="01.Levels\00.Loading">
      <UniqueIdentifier>{a4d4b5a0-b54b-4697-9b86-12bc978301da}</UniqueIdentifier>
    </Filter>
    <Filter Include="01.Levels\00.Loading\Loader">
      <UniqueIdentifier>{7d2604b7-8417-4e6e-b875-ef3010ce76c5}</UniqueIdentifier>
    </Filter>
    <Filter Include="01.Levels\01. Logo">
      <UniqueIdentifier>{d64ee3bc-e128-48fd-9887-570e3dee100d}</UniqueIdentifier>
    </Filter>
    <Filter Include="01.Levels\02. CustomRoom">
      <UniqueIdentifier>{59023e12-ed37-46bd-8016-32b6acceff0f}</UniqueIdentifier>
    </Filter>
    <Filter Include="01.Levels\03. GamePlay">
      <UniqueIdentifier>{5a42f547-e667-4d88-8df1-1a7fdfe27c94}</UniqueIdentifier>
    </Filter>
    <Filter Include="01.Levels\04. BossStage">
      <UniqueIdentifier>{2517414b-42ec-4488-ac3e-1323ed09a022}</UniqueIdentifier>
    </Filter>
    <Filter Include="02.GameObjects\UI\UI_Boss_Status">
      <UniqueIdentifier>{dc3dd233-6de8-4f26-9a34-15c8ff17d397}</UniqueIdentifier>
    </Filter>
    <Filter Include="02.GameObjects\LandObject\Monster\Boss_Kurama">
      <UniqueIdentifier>{1a84befb-8ff0-46d7-969d-7afb10a2a200}</UniqueIdentifier>
    </Filter>
    <Filter Include="02.GameObjects\LandObject\Monster\Boss_Kurama\Body">
      <UniqueIdentifier>{7b5b1436-7524-4203-b262-3c95da838210}</UniqueIdentifier>
    </Filter>
    <Filter Include="02.GameObjects\Skill\Kurama_Scratch">
      <UniqueIdentifier>{63b7c23a-d58e-4453-89d0-5513d3b6c670}</UniqueIdentifier>
    </Filter>
    <Filter Include="02.GameObjects\EventTrigger">
      <UniqueIdentifier>{85317011-e715-4a1b-8fa8-92a6a78ccc34}</UniqueIdentifier>
    </Filter>
    <Filter Include="02.GameObjects\Effect\Mesh">
      <UniqueIdentifier>{7a5cbd0c-9f6d-421b-bb08-18bbb4012bfc}</UniqueIdentifier>
    </Filter>
    <Filter Include="02.GameObjects\Skill\Wood_Dragon">
      <UniqueIdentifier>{90cca1ad-2ab4-4b55-82d8-75b69e83bc02}</UniqueIdentifier>
    </Filter>
    <Filter Include="02.GameObjects\Skill\Rasengun">
      <UniqueIdentifier>{89ed652d-c011-403c-89cd-367bed0c5ed5}</UniqueIdentifier>
    </Filter>
    <Filter Include="02.GameObjects\Sky">
      <UniqueIdentifier>{392093d2-1b0a-407e-9f86-907e04d3b2a3}</UniqueIdentifier>
    </Filter>
  </ItemGroup>
  <ItemGroup>
    <ResourceCompile Include="Client.rc">
      <Filter>98.Default</Filter>
    </ResourceCompile>
  </ItemGroup>
</Project>